github.com/joho/godotenv v1.5.1 h1:7eLL/+HRGLY0ldzfGMeQkb7vMd0as4CfYvUVzLqw0N0=
github.com/joho/godotenv v1.5.1/go.mod h1:f4LDr5Voq0i2e/R5DDNOoa2zzDfwtkZa6DnEwAbqwq4=
github.com/kataras/golog v0.1.12 h1:Bu7I/G4ilJlbfzjmU39O9N+2uO1pBcMK045fzZ4ytNg=
github.com/kataras/golog v0.1.12/go.mod h1:wrGSbOiBqbQSQznleVNX4epWM8rl9SJ/rmEacl0yqy4=
github.com/kataras/pio v0.0.13 h1:x0rXVX0fviDTXOOLOmr4MUxOabu1InVSTu5itF8CXCM=
github.com/kataras/pio v0.0.13/go.mod h1:k3HNuSw+eJ8Pm2lA4lRhg3DiCjVgHlP8hmXApSej3oM=
github.com/lib/pq v1.10.9 h1:YXG7RB+JIjhP29X+OtkiDnYaXQwpS4JEWq7dtCCRUEw=
github.com/lib/pq v1.10.9/go.mod h1:AlVN5x4E4T544tWzH6hKfbfQvm3HdbOxrmggDNAPY9o=
golang.org/x/sys v0.13.0 h1:Af8nKPmuFypiUBjVoU9V20FiaFXOcuZI21p0ycVYYGE=
golang.org/x/sys v0.13.0/go.mod h1:oPkhp1MJrh7nUepCBck5+mAzfO9JrbApNNgaTdGDITg=
